
Microsoft Visual Studio Solution File, Format Version 12.00
# Visual Studio Version 16
VisualStudioVersion = 16.0.28803.352
MinimumVisualStudioVersion = 10.0.40219.1
Project("{9A19103F-16F7-4668-BE54-9A1E7A4F7556}") = "PizzaBox.Domain", "PizzaBox.Domain\PizzaBox.Domain.csproj", "{D43C2953-FFF2-4B6F-ACBD-E6DDF0C534D3}"
EndProject
Project("{9A19103F-16F7-4668-BE54-9A1E7A4F7556}") = "PizzaBox.Data", "PizzaBox.Data\PizzaBox.Data.csproj", "{FE6A37D5-F8FC-4725-9177-E5530E7706C8}"
EndProject
Project("{9A19103F-16F7-4668-BE54-9A1E7A4F7556}") = "Web", "Web\Web.csproj", "{A70D3565-011E-404F-A68C-E1441F403405}"
EndProject
Project("{FAE04EC0-301F-11D3-BF4B-00C04F79EFBC}") = "MSTest", "MSTest\MSTest.csproj", "{18C61521-AD15-488C-A23B-21EB83BB930F}"
EndProject
Global
	GlobalSection(SolutionConfigurationPlatforms) = preSolution
		Debug|Any CPU = Debug|Any CPU
		Release|Any CPU = Release|Any CPU
	EndGlobalSection
	GlobalSection(ProjectConfigurationPlatforms) = postSolution
		{D43C2953-FFF2-4B6F-ACBD-E6DDF0C534D3}.Debug|Any CPU.ActiveCfg = Debug|Any CPU
		{D43C2953-FFF2-4B6F-ACBD-E6DDF0C534D3}.Debug|Any CPU.Build.0 = Debug|Any CPU
		{D43C2953-FFF2-4B6F-ACBD-E6DDF0C534D3}.Release|Any CPU.ActiveCfg = Release|Any CPU
		{D43C2953-FFF2-4B6F-ACBD-E6DDF0C534D3}.Release|Any CPU.Build.0 = Release|Any CPU
		{FE6A37D5-F8FC-4725-9177-E5530E7706C8}.Debug|Any CPU.ActiveCfg = Debug|Any CPU
		{FE6A37D5-F8FC-4725-9177-E5530E7706C8}.Debug|Any CPU.Build.0 = Debug|Any CPU
		{FE6A37D5-F8FC-4725-9177-E5530E7706C8}.Release|Any CPU.ActiveCfg = Release|Any CPU
		{FE6A37D5-F8FC-4725-9177-E5530E7706C8}.Release|Any CPU.Build.0 = Release|Any CPU
		{A70D3565-011E-404F-A68C-E1441F403405}.Debug|Any CPU.ActiveCfg = Debug|Any CPU
		{A70D3565-011E-404F-A68C-E1441F403405}.Debug|Any CPU.Build.0 = Debug|Any CPU
		{A70D3565-011E-404F-A68C-E1441F403405}.Release|Any CPU.ActiveCfg = Release|Any CPU
		{A70D3565-011E-404F-A68C-E1441F403405}.Release|Any CPU.Build.0 = Release|Any CPU
		{18C61521-AD15-488C-A23B-21EB83BB930F}.Debug|Any CPU.ActiveCfg = Debug|Any CPU
		{18C61521-AD15-488C-A23B-21EB83BB930F}.Debug|Any CPU.Build.0 = Debug|Any CPU
		{18C61521-AD15-488C-A23B-21EB83BB930F}.Release|Any CPU.ActiveCfg = Release|Any CPU
		{18C61521-AD15-488C-A23B-21EB83BB930F}.Release|Any CPU.Build.0 = Release|Any CPU
	EndGlobalSection
	GlobalSection(SolutionProperties) = preSolution
		HideSolutionNode = FALSE
	EndGlobalSection
	GlobalSection(ExtensibilityGlobals) = postSolution
		SolutionGuid = {60189857-C323-4467-908B-B44CD63B906F}
	EndGlobalSection
EndGlobal
